
Microsoft Visual Studio Solution File, Format Version 12.00
# Visual Studio 15
VisualStudioVersion = 15.0.28307.779
MinimumVisualStudioVersion = 10.0.40219.1
Project("{FAE04EC0-301F-11D3-BF4B-00C04F79EFBC}") = "MvcProject", "WebApplication4\MvcProject.csproj", "{7B201824-5C77-48DA-9FE6-17B7221E271C}"
EndProject
Project("{FAE04EC0-301F-11D3-BF4B-00C04F79EFBC}") = "MvcProject.Tests", "XUnitTestProject1\MvcProject.Tests.csproj", "{DF70C19E-8A73-4465-BA85-CB499009FE60}"
EndProject
Global
	GlobalSection(SolutionConfigurationPlatforms) = preSolution
		Debug|Any CPU = Debug|Any CPU
		Release|Any CPU = Release|Any CPU
	EndGlobalSection
	GlobalSection(ProjectConfigurationPlatforms) = postSolution
		{7B201824-5C77-48DA-9FE6-17B7221E271C}.Debug|Any CPU.ActiveCfg = Debug|Any CPU
		{7B201824-5C77-48DA-9FE6-17B7221E271C}.Debug|Any CPU.Build.0 = Debug|Any CPU
		{7B201824-5C77-48DA-9FE6-17B7221E271C}.Release|Any CPU.ActiveCfg = Release|Any CPU
		{7B201824-5C77-48DA-9FE6-17B7221E271C}.Release|Any CPU.Build.0 = Release|Any CPU
		{DF70C19E-8A73-4465-BA85-CB499009FE60}.Debug|Any CPU.ActiveCfg = Debug|Any CPU
		{DF70C19E-8A73-4465-BA85-CB499009FE60}.Debug|Any CPU.Build.0 = Debug|Any CPU
		{DF70C19E-8A73-4465-BA85-CB499009FE60}.Release|Any CPU.ActiveCfg = Release|Any CPU
		{DF70C19E-8A73-4465-BA85-CB499009FE60}.Release|Any CPU.Build.0 = Release|Any CPU
	EndGlobalSection
	GlobalSection(SolutionProperties) = preSolution
		HideSolutionNode = FALSE
	EndGlobalSection
	GlobalSection(ExtensibilityGlobals) = postSolution
		SolutionGuid = {4E5E30E7-AC6B-46E3-BE0D-C7F5EC74FA66}
	EndGlobalSection
EndGlobal
